
Microsoft Visual Studio Solution File, Format Version 12.00
# Visual Studio Version 17
VisualStudioVersion = 17.2.32616.157
MinimumVisualStudioVersion = 10.0.40219.1
Project("{FAE04EC0-301F-11D3-BF4B-00C04F79EFBC}") = "BlazorFFMPEG", "BlazorFFMPEG\BlazorFFMPEG.csproj", "{BAB3A0E2-4DBE-412D-B24E-AE783B350B5C}"
EndProject
Project("{FAE04EC0-301F-11D3-BF4B-00C04F79EFBC}") = "BlazorFFMPEG.Backend", "BlazorFFMPEG.Backend\BlazorFFMPEG.Backend.csproj", "{65F4B5B4-B135-41CD-9E54-13DFEB6E3462}"
EndProject
Project("{FAE04EC0-301F-11D3-BF4B-00C04F79EFBC}") = "EinfachAlex.Utils", "EinfachAlexUtils\EinfachAlex.Utils.csproj", "{A5D1DB68-57D8-4BCF-97AD-979ED4962820}"
EndProject
Project("{FAE04EC0-301F-11D3-BF4B-00C04F79EFBC}") = "BlazorFFMPEG.Backend.Tests", "BlazorFFMPEG.Backend.Tests\BlazorFFMPEG.Backend.Tests.csproj", "{C6F62172-F31F-480D-BB8F-D649E8020652}"
EndProject
Global
	GlobalSection(SolutionConfigurationPlatforms) = preSolution
		Debug|Any CPU = Debug|Any CPU
		Release|Any CPU = Release|Any CPU
	EndGlobalSection
	GlobalSection(ProjectConfigurationPlatforms) = postSolution
		{BAB3A0E2-4DBE-412D-B24E-AE783B350B5C}.Debug|Any CPU.ActiveCfg = Debug|Any CPU
		{BAB3A0E2-4DBE-412D-B24E-AE783B350B5C}.Debug|Any CPU.Build.0 = Debug|Any CPU
		{BAB3A0E2-4DBE-412D-B24E-AE783B350B5C}.Release|Any CPU.ActiveCfg = Release|Any CPU
		{BAB3A0E2-4DBE-412D-B24E-AE783B350B5C}.Release|Any CPU.Build.0 = Release|Any CPU
		{65F4B5B4-B135-41CD-9E54-13DFEB6E3462}.Debug|Any CPU.ActiveCfg = Debug|Any CPU
		{65F4B5B4-B135-41CD-9E54-13DFEB6E3462}.Debug|Any CPU.Build.0 = Debug|Any CPU
		{65F4B5B4-B135-41CD-9E54-13DFEB6E3462}.Release|Any CPU.ActiveCfg = Release|Any CPU
		{65F4B5B4-B135-41CD-9E54-13DFEB6E3462}.Release|Any CPU.Build.0 = Release|Any CPU
		{A5D1DB68-57D8-4BCF-97AD-979ED4962820}.Debug|Any CPU.ActiveCfg = Debug|Any CPU
		{A5D1DB68-57D8-4BCF-97AD-979ED4962820}.Debug|Any CPU.Build.0 = Debug|Any CPU
		{A5D1DB68-57D8-4BCF-97AD-979ED4962820}.Release|Any CPU.ActiveCfg = Release|Any CPU
		{A5D1DB68-57D8-4BCF-97AD-979ED4962820}.Release|Any CPU.Build.0 = Release|Any CPU
		{C6F62172-F31F-480D-BB8F-D649E8020652}.Debug|Any CPU.ActiveCfg = Debug|Any CPU
		{C6F62172-F31F-480D-BB8F-D649E8020652}.Debug|Any CPU.Build.0 = Debug|Any CPU
		{C6F62172-F31F-480D-BB8F-D649E8020652}.Release|Any CPU.ActiveCfg = Release|Any CPU
		{C6F62172-F31F-480D-BB8F-D649E8020652}.Release|Any CPU.Build.0 = Release|Any CPU
	EndGlobalSection
	GlobalSection(SolutionProperties) = preSolution
		HideSolutionNode = FALSE
	EndGlobalSection
	GlobalSection(ExtensibilityGlobals) = postSolution
		SolutionGuid = {30864205-25A1-445F-AA60-745899AD6651}
	EndGlobalSection
EndGlobal
